
Microsoft Visual Studio Solution File, Format Version 12.00
# Visual Studio Version 17
VisualStudioVersion = 17.5.002.0
MinimumVisualStudioVersion = 10.0.40219.1
Project("{9A19103F-16F7-4668-BE54-9A1E7A4F7556}") = "KlaviyoPrototype", "KlaviyoPrototype.csproj", "{D565F66E-08B3-4E36-9383-D6272459D96C}"
EndProject
Global
	GlobalSection(SolutionConfigurationPlatforms) = preSolution
		Debug|Any CPU = Debug|Any CPU
		Release|Any CPU = Release|Any CPU
	EndGlobalSection
	GlobalSection(ProjectConfigurationPlatforms) = postSolution
		{D565F66E-08B3-4E36-9383-D6272459D96C}.Debug|Any CPU.ActiveCfg = Debug|Any CPU
		{D565F66E-08B3-4E36-9383-D6272459D96C}.Debug|Any CPU.Build.0 = Debug|Any CPU
		{D565F66E-08B3-4E36-9383-D6272459D96C}.Release|Any CPU.ActiveCfg = Release|Any CPU
		{D565F66E-08B3-4E36-9383-D6272459D96C}.Release|Any CPU.Build.0 = Release|Any CPU
	EndGlobalSection
	GlobalSection(SolutionProperties) = preSolution
		HideSolutionNode = FALSE
	EndGlobalSection
	GlobalSection(ExtensibilityGlobals) = postSolution
		SolutionGuid = {1D126084-4FC7-48B0-9521-11CD9BCC5A0B}
	EndGlobalSection
EndGlobal
